
Microsoft Visual Studio Solution File, Format Version 12.00
# Visual Studio Version 16
VisualStudioVersion = 16.0.31624.102
MinimumVisualStudioVersion = 10.0.40219.1
Project("{9A19103F-16F7-4668-BE54-9A1E7A4F7556}") = "FZZOC7_HFT_2021221.Client", "FZZOC7_HFT_2021221.Client\FZZOC7_HFT_2021221.Client.csproj", "{56891BAC-AA08-4298-B0C2-CD8180748B4D}"
EndProject
Project("{9A19103F-16F7-4668-BE54-9A1E7A4F7556}") = "FZZOC7_HFT_2021221.Repository", "FZZOC7_HFT_2021221.Repository\FZZOC7_HFT_2021221.Repository.csproj", "{64EB9896-8DAA-4DC9-9254-7548BBBD4E10}"
EndProject
Project("{9A19103F-16F7-4668-BE54-9A1E7A4F7556}") = "FZZOC7_HFT_2021221.Models", "FZZOC7_HFT_2021221.Models\FZZOC7_HFT_2021221.Models.csproj", "{36F85013-007E-43FF-8634-00163DBC38D6}"
EndProject
Project("{9A19103F-16F7-4668-BE54-9A1E7A4F7556}") = "FZZOC7_HFT_2021221.Data", "FZZOC7_HFT_2021221.Data\FZZOC7_HFT_2021221.Data.csproj", "{A51E0073-7C6C-4238-B09C-4FEF39CE283D}"
EndProject
Project("{9A19103F-16F7-4668-BE54-9A1E7A4F7556}") = "FZZOC7_HFT_2021221.Logic", "FZZOC7_HFT_2021221.Logic\FZZOC7_HFT_2021221.Logic.csproj", "{D88E9892-BAD3-4708-9370-DD74D012AFFB}"
EndProject
Project("{9A19103F-16F7-4668-BE54-9A1E7A4F7556}") = "FZZOC7_HFT_2021221.Endpoint", "FZZOC7_HFT_2021221.Endpoint\FZZOC7_HFT_2021221.Endpoint.csproj", "{43807B7D-0151-4FC1-A120-256E52FDB1FE}"
EndProject
Project("{9A19103F-16F7-4668-BE54-9A1E7A4F7556}") = "FZZOC7_HFT_2021221.Test", "FZZOC7_HFT_2021221.Test\FZZOC7_HFT_2021221.Test.csproj", "{BC27CDB8-6421-4AF9-9A72-373A4443C78A}"
EndProject
Project("{2150E333-8FDC-42A3-9474-1A3956D46DE8}") = "Backend", "Backend", "{92388585-C983-46FB-8CC6-C960948C0510}"
EndProject
Project("{2150E333-8FDC-42A3-9474-1A3956D46DE8}") = "Frontend", "Frontend", "{0A8D6754-8998-49D0-93E6-F03114E26096}"
EndProject
Project("{2150E333-8FDC-42A3-9474-1A3956D46DE8}") = "Shared", "Shared", "{30CC1E56-10F8-4D7B-B20D-40032F250F30}"
EndProject
Project("{2150E333-8FDC-42A3-9474-1A3956D46DE8}") = "Others", "Others", "{C51B4626-943D-4A21-B2BA-30B20F6206E5}"
	ProjectSection(SolutionItems) = preProject
		.gitignore = .gitignore
	EndProjectSection
EndProject
Project("{9A19103F-16F7-4668-BE54-9A1E7A4F7556}") = "FZZOC7_HFT_2021221.JSClient", "FZZOC7_HFT_2021221.JSClient\FZZOC7_HFT_2021221.JSClient.csproj", "{54A894B0-015B-4569-8212-02A02C9A272E}"
EndProject
Project("{FAE04EC0-301F-11D3-BF4B-00C04F79EFBC}") = "FZZOC7_HFT_2021221.WPFClient", "FZZOC7_HFT_2021221.WPFClient\FZZOC7_HFT_2021221.WPFClient.csproj", "{0CDAFEA9-99B9-4C05-9584-AD4A37AC3EFF}"
EndProject
Global
	GlobalSection(SolutionConfigurationPlatforms) = preSolution
		Debug|Any CPU = Debug|Any CPU
		Release|Any CPU = Release|Any CPU
	EndGlobalSection
	GlobalSection(ProjectConfigurationPlatforms) = postSolution
		{56891BAC-AA08-4298-B0C2-CD8180748B4D}.Debug|Any CPU.ActiveCfg = Debug|Any CPU
		{56891BAC-AA08-4298-B0C2-CD8180748B4D}.Debug|Any CPU.Build.0 = Debug|Any CPU
		{56891BAC-AA08-4298-B0C2-CD8180748B4D}.Release|Any CPU.ActiveCfg = Release|Any CPU
		{56891BAC-AA08-4298-B0C2-CD8180748B4D}.Release|Any CPU.Build.0 = Release|Any CPU
		{64EB9896-8DAA-4DC9-9254-7548BBBD4E10}.Debug|Any CPU.ActiveCfg = Debug|Any CPU
		{64EB9896-8DAA-4DC9-9254-7548BBBD4E10}.Debug|Any CPU.Build.0 = Debug|Any CPU
		{64EB9896-8DAA-4DC9-9254-7548BBBD4E10}.Release|Any CPU.ActiveCfg = Release|Any CPU
		{64EB9896-8DAA-4DC9-9254-7548BBBD4E10}.Release|Any CPU.Build.0 = Release|Any CPU
		{36F85013-007E-43FF-8634-00163DBC38D6}.Debug|Any CPU.ActiveCfg = Debug|Any CPU
		{36F85013-007E-43FF-8634-00163DBC38D6}.Debug|Any CPU.Build.0 = Debug|Any CPU
		{36F85013-007E-43FF-8634-00163DBC38D6}.Release|Any CPU.ActiveCfg = Release|Any CPU
		{36F85013-007E-43FF-8634-00163DBC38D6}.Release|Any CPU.Build.0 = Release|Any CPU
		{A51E0073-7C6C-4238-B09C-4FEF39CE283D}.Debug|Any CPU.ActiveCfg = Debug|Any CPU
		{A51E0073-7C6C-4238-B09C-4FEF39CE283D}.Debug|Any CPU.Build.0 = Debug|Any CPU
		{A51E0073-7C6C-4238-B09C-4FEF39CE283D}.Release|Any CPU.ActiveCfg = Release|Any CPU
		{A51E0073-7C6C-4238-B09C-4FEF39CE283D}.Release|Any CPU.Build.0 = Release|Any CPU
		{D88E9892-BAD3-4708-9370-DD74D012AFFB}.Debug|Any CPU.ActiveCfg = Debug|Any CPU
		{D88E9892-BAD3-4708-9370-DD74D012AFFB}.Debug|Any CPU.Build.0 = Debug|Any CPU
		{D88E9892-BAD3-4708-9370-DD74D012AFFB}.Release|Any CPU.ActiveCfg = Release|Any CPU
		{D88E9892-BAD3-4708-9370-DD74D012AFFB}.Release|Any CPU.Build.0 = Release|Any CPU
		{43807B7D-0151-4FC1-A120-256E52FDB1FE}.Debug|Any CPU.ActiveCfg = Debug|Any CPU
		{43807B7D-0151-4FC1-A120-256E52FDB1FE}.Debug|Any CPU.Build.0 = Debug|Any CPU
		{43807B7D-0151-4FC1-A120-256E52FDB1FE}.Release|Any CPU.ActiveCfg = Release|Any CPU
		{43807B7D-0151-4FC1-A120-256E52FDB1FE}.Release|Any CPU.Build.0 = Release|Any CPU
		{BC27CDB8-6421-4AF9-9A72-373A4443C78A}.Debug|Any CPU.ActiveCfg = Debug|Any CPU
		{BC27CDB8-6421-4AF9-9A72-373A4443C78A}.Debug|Any CPU.Build.0 = Debug|Any CPU
		{BC27CDB8-6421-4AF9-9A72-373A4443C78A}.Release|Any CPU.ActiveCfg = Release|Any CPU
		{BC27CDB8-6421-4AF9-9A72-373A4443C78A}.Release|Any CPU.Build.0 = Release|Any CPU
		{54A894B0-015B-4569-8212-02A02C9A272E}.Debug|Any CPU.ActiveCfg = Debug|Any CPU
		{54A894B0-015B-4569-8212-02A02C9A272E}.Debug|Any CPU.Build.0 = Debug|Any CPU
		{54A894B0-015B-4569-8212-02A02C9A272E}.Release|Any CPU.ActiveCfg = Release|Any CPU
		{54A894B0-015B-4569-8212-02A02C9A272E}.Release|Any CPU.Build.0 = Release|Any CPU
		{0CDAFEA9-99B9-4C05-9584-AD4A37AC3EFF}.Debug|Any CPU.ActiveCfg = Debug|Any CPU
		{0CDAFEA9-99B9-4C05-9584-AD4A37AC3EFF}.Debug|Any CPU.Build.0 = Debug|Any CPU
		{0CDAFEA9-99B9-4C05-9584-AD4A37AC3EFF}.Release|Any CPU.ActiveCfg = Release|Any CPU
		{0CDAFEA9-99B9-4C05-9584-AD4A37AC3EFF}.Release|Any CPU.Build.0 = Release|Any CPU
	EndGlobalSection
	GlobalSection(SolutionProperties) = preSolution
		HideSolutionNode = FALSE
	EndGlobalSection
	GlobalSection(NestedProjects) = preSolution
		{56891BAC-AA08-4298-B0C2-CD8180748B4D} = {0A8D6754-8998-49D0-93E6-F03114E26096}
		{64EB9896-8DAA-4DC9-9254-7548BBBD4E10} = {92388585-C983-46FB-8CC6-C960948C0510}
		{36F85013-007E-43FF-8634-00163DBC38D6} = {30CC1E56-10F8-4D7B-B20D-40032F250F30}
		{A51E0073-7C6C-4238-B09C-4FEF39CE283D} = {92388585-C983-46FB-8CC6-C960948C0510}
		{D88E9892-BAD3-4708-9370-DD74D012AFFB} = {92388585-C983-46FB-8CC6-C960948C0510}
		{43807B7D-0151-4FC1-A120-256E52FDB1FE} = {92388585-C983-46FB-8CC6-C960948C0510}
		{BC27CDB8-6421-4AF9-9A72-373A4443C78A} = {92388585-C983-46FB-8CC6-C960948C0510}
	EndGlobalSection
	GlobalSection(ExtensibilityGlobals) = postSolution
		SolutionGuid = {617F2289-969C-474F-9FA5-00A2D1EB0F87}
	EndGlobalSection
EndGlobal
